
Microsoft Visual Studio Solution File, Format Version 12.00
# Visual Studio Version 17
VisualStudioVersion = 17.0.31912.275
MinimumVisualStudioVersion = 10.0.40219.1
Project("{9A19103F-16F7-4668-BE54-9A1E7A4F7556}") = "PropertyCollector", "src\PropertyCollector\PropertyCollector.csproj", "{C60194E3-085A-45E7-8FE6-1863B9FCDCB2}"
EndProject
Project("{9A19103F-16F7-4668-BE54-9A1E7A4F7556}") = "PropertyCollector.Console", "sample\PropertyCollector.Console\PropertyCollector.Console.csproj", "{6C52D877-2C23-44B5-8A3E-168175729F09}"
EndProject
Global
	GlobalSection(SolutionConfigurationPlatforms) = preSolution
		Debug|Any CPU = Debug|Any CPU
		Release|Any CPU = Release|Any CPU
	EndGlobalSection
	GlobalSection(ProjectConfigurationPlatforms) = postSolution
		{C60194E3-085A-45E7-8FE6-1863B9FCDCB2}.Debug|Any CPU.ActiveCfg = Debug|Any CPU
		{C60194E3-085A-45E7-8FE6-1863B9FCDCB2}.Debug|Any CPU.Build.0 = Debug|Any CPU
		{C60194E3-085A-45E7-8FE6-1863B9FCDCB2}.Release|Any CPU.ActiveCfg = Release|Any CPU
		{C60194E3-085A-45E7-8FE6-1863B9FCDCB2}.Release|Any CPU.Build.0 = Release|Any CPU
		{6C52D877-2C23-44B5-8A3E-168175729F09}.Debug|Any CPU.ActiveCfg = Debug|Any CPU
		{6C52D877-2C23-44B5-8A3E-168175729F09}.Debug|Any CPU.Build.0 = Debug|Any CPU
		{6C52D877-2C23-44B5-8A3E-168175729F09}.Release|Any CPU.ActiveCfg = Release|Any CPU
		{6C52D877-2C23-44B5-8A3E-168175729F09}.Release|Any CPU.Build.0 = Release|Any CPU
	EndGlobalSection
	GlobalSection(SolutionProperties) = preSolution
		HideSolutionNode = FALSE
	EndGlobalSection
	GlobalSection(ExtensibilityGlobals) = postSolution
		SolutionGuid = {8CBEFF6C-73BE-4629-BE37-25B89E9A17B4}
	EndGlobalSection
EndGlobal
